
Microsoft Visual Studio Solution File, Format Version 12.00
# Visual Studio Version 16
VisualStudioVersion = 16.0.31424.327
MinimumVisualStudioVersion = 10.0.40219.1
Project("{FAE04EC0-301F-11D3-BF4B-00C04F79EFBC}") = "NetJson", "NetJson.csproj", "{871E0D38-D6A0-4F2A-B8EF-227BAEB3DFDE}"
EndProject
Global
	GlobalSection(SolutionConfigurationPlatforms) = preSolution
		Debug|Any CPU = Debug|Any CPU
		Release|Any CPU = Release|Any CPU
	EndGlobalSection
	GlobalSection(ProjectConfigurationPlatforms) = postSolution
		{871E0D38-D6A0-4F2A-B8EF-227BAEB3DFDE}.Debug|Any CPU.ActiveCfg = Debug|Any CPU
		{871E0D38-D6A0-4F2A-B8EF-227BAEB3DFDE}.Debug|Any CPU.Build.0 = Debug|Any CPU
		{871E0D38-D6A0-4F2A-B8EF-227BAEB3DFDE}.Release|Any CPU.ActiveCfg = Release|Any CPU
		{871E0D38-D6A0-4F2A-B8EF-227BAEB3DFDE}.Release|Any CPU.Build.0 = Release|Any CPU
	EndGlobalSection
	GlobalSection(SolutionProperties) = preSolution
		HideSolutionNode = FALSE
	EndGlobalSection
	GlobalSection(ExtensibilityGlobals) = postSolution
		SolutionGuid = {EFCCD744-F00F-43BC-AE3A-2F65A7A848E1}
	EndGlobalSection
EndGlobal
